// !$*UTF8*$!
{
	archiveVersion = 1;
	classes = {
	};
	objectVersion = 77;
	objects = {

/* Begin PBXBuildFile section */
		C5796A872F30865F0080D193 /* Auth in Frameworks */ = {isa = PBXBuildFile; productRef = C5796A862F30865F0080D193 /* Auth */; };
		C5796A892F30865F0080D193 /* Functions in Frameworks */ = {isa = PBXBuildFile; productRef = C5796A882F30865F0080D193 /* Functions */; };
		C5796A8B2F30865F0080D193 /* PostgREST in Frameworks */ = {isa = PBXBuildFile; productRef = C5796A8A2F30865F0080D193 /* PostgREST */; };
		C5796A8D2F30865F0080D193 /* Realtime in Frameworks */ = {isa = PBXBuildFile; productRef = C5796A8C2F30865F0080D193 /* Realtime */; };
		C5796A8F2F30865F0080D193 /* Storage in Frameworks */ = {isa = PBXBuildFile; productRef = C5796A8E2F30865F0080D193 /* Storage */; };
		C5796A912F30865F0080D193 /* Supabase in Frameworks */ = {isa = PBXBuildFile; productRef = C5796A902F30865F0080D193 /* Supabase */; };
		C5CD945E2F3075BF0024F3DD /* Pulse in Frameworks */ = {isa = PBXBuildFile; productRef = C5CD945D2F3075BF0024F3DD /* Pulse */; };
		C5CD94602F3075BF0024F3DD /* PulseProxy in Frameworks */ = {isa = PBXBuildFile; productRef = C5CD945F2F3075BF0024F3DD /* PulseProxy */; };
		C5CD94622F3075BF0024F3DD /* PulseUI in Frameworks */ = {isa = PBXBuildFile; productRef = C5CD94612F3075BF0024F3DD /* PulseUI */; };
/* End PBXBuildFile section */

/* Begin PBXFileReference section */
		C51BA5FE2F28952B00E1193D /* KeuanganKu.app */ = {isa = PBXFileReference; explicitFileType = wrapper.application; includeInIndex = 0; path = KeuanganKu.app; sourceTree = BUILT_PRODUCTS_DIR; };
/* End PBXFileReference section */

/* Begin PBXFileSystemSynchronizedRootGroup section */
		C51BA6002F28952B00E1193D /* KeuanganKu */ = {
			isa = PBXFileSystemSynchronizedRootGroup;
			path = KeuanganKu;
			sourceTree = "<group>";
		};
/* End PBXFileSystemSynchronizedRootGroup section */

/* Begin PBXFrameworksBuildPhase section */
		C51BA5FB2F28952B00E1193D /* Frameworks */ = {
			isa = PBXFrameworksBuildPhase;
			buildActionMask = 2147483647;
			files = (
				C5796A8D2F30865F0080D193 /* Realtime in Frameworks */,
				C5796A8B2F30865F0080D193 /* PostgREST in Frameworks */,
				C5796A892F30865F0080D193 /* Functions in Frameworks */,
				C5CD94622F3075BF0024F3DD /* PulseUI in Frameworks */,
				C5796A8F2F30865F0080D193 /* Storage in Frameworks */,
				C5796A912F30865F0080D193 /* Supabase in Frameworks */,
				C5CD945E2F3075BF0024F3DD /* Pulse in Frameworks */,
				C5796A872F30865F0080D193 /* Auth in Frameworks */,
				C5CD94602F3075BF0024F3DD /* PulseProxy in Frameworks */,
			);
			runOnlyForDeploymentPostprocessing = 0;
		};
/* End PBXFrameworksBuildPhase section */

/* Begin PBXGroup section */
		C51BA5F52F28952B00E1193D = {
			isa = PBXGroup;
			children = (
				C51BA6002F28952B00E1193D /* KeuanganKu */,
				C5796A852F30865F0080D193 /* Frameworks */,
				C51BA5FF2F28952B00E1193D /* Products */,
			);
			sourceTree = "<group>";
		};
		C51BA5FF2F28952B00E1193D /* Products */ = {
			isa = PBXGroup;
			children = (
				C51BA5FE2F28952B00E1193D /* KeuanganKu.app */,
			);
			name = Products;
			sourceTree = "<group>";
		};
		C5796A852F30865F0080D193 /* Frameworks */ = {
			isa = PBXGroup;
			children = (
			);
			name = Frameworks;
			sourceTree = "<group>";
		};
/* End PBXGroup section */

/* Begin PBXNativeTarget section */
		C51BA5FD2F28952B00E1193D /* KeuanganKu */ = {
			isa = PBXNativeTarget;
			buildConfigurationList = C51BA6092F28952C00E1193D /* Build configuration list for PBXNativeTarget "KeuanganKu" */;
			buildPhases = (
				C51BA5FA2F28952B00E1193D /* Sources */,
				C51BA5FB2F28952B00E1193D /* Frameworks */,
				C51BA5FC2F28952B00E1193D /* Resources */,
			);
			buildRules = (
			);
			dependencies = (
			);
			fileSystemSynchronizedGroups = (
				C51BA6002F28952B00E1193D /* KeuanganKu */,
			);
			name = KeuanganKu;
			packageProductDependencies = (
				C5CD945D2F3075BF0024F3DD /* Pulse */,
				C5CD945F2F3075BF0024F3DD /* PulseProxy */,
				C5CD94612F3075BF0024F3DD /* PulseUI */,
				C5796A862F30865F0080D193 /* Auth */,
				C5796A882F30865F0080D193 /* Functions */,
				C5796A8A2F30865F0080D193 /* PostgREST */,
				C5796A8C2F30865F0080D193 /* Realtime */,
				C5796A8E2F30865F0080D193 /* Storage */,
				C5796A902F30865F0080D193 /* Supabase */,
			);
			productName = KeuanganKu;
			productReference = C51BA5FE2F28952B00E1193D /* KeuanganKu.app */;
			productType = "com.apple.product-type.application";
		};
/* End PBXNativeTarget section */

/* Begin PBXProject section */
		C51BA5F62F28952B00E1193D /* Project object */ = {
			isa = PBXProject;
			attributes = {
				BuildIndependentTargetsInParallel = 1;
				LastSwiftUpdateCheck = 2620;
				LastUpgradeCheck = 2620;
				TargetAttributes = {
					C51BA5FD2F28952B00E1193D = {
						CreatedOnToolsVersion = 26.2;
					};
				};
			};
			buildConfigurationList = C51BA5F92F28952B00E1193D /* Build configuration list for PBXProject "KeuanganKu" */;
			developmentRegion = en;
			hasScannedForEncodings = 0;
			knownRegions = (
				en,
				Base,
			);
			mainGroup = C51BA5F52F28952B00E1193D;
			minimizedProjectReferenceProxies = 1;
			packageReferences = (
				C5CD945C2F3075BF0024F3DD /* XCRemoteSwiftPackageReference "Pulse" */,
				C59DF74E2F3084B900A529D2 /* XCRemoteSwiftPackageReference "supabase-swift" */,
			);
			preferredProjectObjectVersion = 77;
			productRefGroup = C51BA5FF2F28952B00E1193D /* Products */;
			projectDirPath = "";
			projectRoot = "";
			targets = (
				C51BA5FD2F28952B00E1193D /* KeuanganKu */,
			);
		};
/* End PBXProject section */

/* Begin PBXResourcesBuildPhase section */
		C51BA5FC2F28952B00E1193D /* Resources */ = {
			isa = PBXResourcesBuildPhase;
			buildActionMask = 2147483647;
			files = (
			);
			runOnlyForDeploymentPostprocessing = 0;
		};
/* End PBXResourcesBuildPhase section */

/* Begin PBXSourcesBuildPhase section */
		C51BA5FA2F28952B00E1193D /* Sources */ = {
			isa = PBXSourcesBuildPhase;
			buildActionMask = 2147483647;
			files = (
			);
			runOnlyForDeploymentPostprocessing = 0;
		};
/* End PBXSourcesBuildPhase section */

/* Begin XCBuildConfiguration section */
		C51BA6072F28952C00E1193D /* Debug */ = {
			isa = XCBuildConfiguration;
			buildSettings = {
				ALWAYS_SEARCH_USER_PATHS = NO;
				ASSETCATALOG_COMPILER_GENERATE_SWIFT_ASSET_SYMBOL_EXTENSIONS = YES;
				CLANG_ANALYZER_NONNULL = YES;
				CLANG_ANALYZER_NUMBER_OBJECT_CONVERSION = YES_AGGRESSIVE;
				CLANG_CXX_LANGUAGE_STANDARD = "gnu++20";
				CLANG_ENABLE_MODULES = YES;
				CLANG_ENABLE_OBJC_ARC = YES;
				CLANG_ENABLE_OBJC_WEAK = YES;
				CLANG_WARN_BLOCK_CAPTURE_AUTORELEASING = YES;
				CLANG_WARN_BOOL_CONVERSION = YES;
				CLANG_WARN_COMMA = YES;
				CLANG_WARN_CONSTANT_CONVERSION = YES;
				CLANG_WARN_DEPRECATED_OBJC_IMPLEMENTATIONS = YES;
				CLANG_WARN_DIRECT_OBJC_ISA_USAGE = YES_ERROR;
				CLANG_WARN_DOCUMENTATION_COMMENTS = YES;
				CLANG_WARN_EMPTY_BODY = YES;
				CLANG_WARN_ENUM_CONVERSION = YES;
				CLANG_WARN_INFINITE_RECURSION = YES;
				CLANG_WARN_INT_CONVERSION = YES;
				CLANG_WARN_NON_LITERAL_NULL_CONVERSION = YES;
				CLANG_WARN_OBJC_IMPLICIT_RETAIN_SELF = YES;
				CLANG_WARN_OBJC_LITERAL_CONVERSION = YES;
				CLANG_WARN_OBJC_ROOT_CLASS = YES_ERROR;
				CLANG_WARN_QUOTED_INCLUDE_IN_FRAMEWORK_HEADER = YES;
				CLANG_WARN_RANGE_LOOP_ANALYSIS = YES;
				CLANG_WARN_STRICT_PROTOTYPES = YES;
				CLANG_WARN_SUSPICIOUS_MOVE = YES;
				CLANG_WARN_UNGUARDED_AVAILABILITY = YES_AGGRESSIVE;
				CLANG_WARN_UNREACHABLE_CODE = YES;
				CLANG_WARN__DUPLICATE_METHOD_MATCH = YES;
				COPY_PHASE_STRIP = NO;
				DEBUG_INFORMATION_FORMAT = dwarf;
				DEVELOPMENT_TEAM = 96VKW3L6ZR;
				ENABLE_STRICT_OBJC_MSGSEND = YES;
				ENABLE_TESTABILITY = YES;
				ENABLE_USER_SCRIPT_SANDBOXING = YES;
				GCC_C_LANGUAGE_STANDARD = gnu17;
				GCC_DYNAMIC_NO_PIC = NO;
				GCC_NO_COMMON_BLOCKS = YES;
				GCC_OPTIMIZATION_LEVEL = 0;
				GCC_PREPROCESSOR_DEFINITIONS = (
					"DEBUG=1",
					"$(inherited)",
				);
				GCC_WARN_64_TO_32_BIT_CONVERSION = YES;
				GCC_WARN_ABOUT_RETURN_TYPE = YES_ERROR;
				GCC_WARN_UNDECLARED_SELECTOR = YES;
				GCC_WARN_UNINITIALIZED_AUTOS = YES_AGGRESSIVE;
				GCC_WARN_UNUSED_FUNCTION = YES;
				GCC_WARN_UNUSED_VARIABLE = YES;
				IPHONEOS_DEPLOYMENT_TARGET = 26.2;
				LOCALIZATION_PREFERS_STRING_CATALOGS = YES;
				MTL_ENABLE_DEBUG_INFO = INCLUDE_SOURCE;
				MTL_FAST_MATH = YES;
				ONLY_ACTIVE_ARCH = YES;
				SDKROOT = iphoneos;
				SWIFT_ACTIVE_COMPILATION_CONDITIONS = "DEBUG $(inherited)";
				SWIFT_OPTIMIZATION_LEVEL = "-Onone";
			};
			name = Debug;
		};
		C51BA6082F28952C00E1193D /* Release */ = {
			isa = XCBuildConfiguration;
			buildSettings = {
				ALWAYS_SEARCH_USER_PATHS = NO;
				ASSETCATALOG_COMPILER_GENERATE_SWIFT_ASSET_SYMBOL_EXTENSIONS = YES;
				CLANG_ANALYZER_NONNULL = YES;
				CLANG_ANALYZER_NUMBER_OBJECT_CONVERSION = YES_AGGRESSIVE;
				CLANG_CXX_LANGUAGE_STANDARD = "gnu++20";
				CLANG_ENABLE_MODULES = YES;
				CLANG_ENABLE_OBJC_ARC = YES;
				CLANG_ENABLE_OBJC_WEAK = YES;
				CLANG_WARN_BLOCK_CAPTURE_AUTORELEASING = YES;
				CLANG_WARN_BOOL_CONVERSION = YES;
				CLANG_WARN_COMMA = YES;
				CLANG_WARN_CONSTANT_CONVERSION = YES;
				CLANG_WARN_DEPRECATED_OBJC_IMPLEMENTATIONS = YES;
				CLANG_WARN_DIRECT_OBJC_ISA_USAGE = YES_ERROR;
				CLANG_WARN_DOCUMENTATION_COMMENTS = YES;
				CLANG_WARN_EMPTY_BODY = YES;
				CLANG_WARN_ENUM_CONVERSION = YES;
				CLANG_WARN_INFINITE_RECURSION = YES;
				CLANG_WARN_INT_CONVERSION = YES;
				CLANG_WARN_NON_LITERAL_NULL_CONVERSION = YES;
				CLANG_WARN_OBJC_IMPLICIT_RETAIN_SELF = YES;
				CLANG_WARN_OBJC_LITERAL_CONVERSION = YES;
				CLANG_WARN_OBJC_ROOT_CLASS = YES_ERROR;
				CLANG_WARN_QUOTED_INCLUDE_IN_FRAMEWORK_HEADER = YES;
				CLANG_WARN_RANGE_LOOP_ANALYSIS = YES;
				CLANG_WARN_STRICT_PROTOTYPES = YES;
				CLANG_WARN_SUSPICIOUS_MOVE = YES;
				CLANG_WARN_UNGUARDED_AVAILABILITY = YES_AGGRESSIVE;
				CLANG_WARN_UNREACHABLE_CODE = YES;
				CLANG_WARN__DUPLICATE_METHOD_MATCH = YES;
				COPY_PHASE_STRIP = NO;
				DEBUG_INFORMATION_FORMAT = "dwarf-with-dsym";
				DEVELOPMENT_TEAM = 96VKW3L6ZR;
				ENABLE_NS_ASSERTIONS = NO;
				ENABLE_STRICT_OBJC_MSGSEND = YES;
				ENABLE_USER_SCRIPT_SANDBOXING = YES;
				GCC_C_LANGUAGE_STANDARD = gnu17;
				GCC_NO_COMMON_BLOCKS = YES;
				GCC_WARN_64_TO_32_BIT_CONVERSION = YES;
				GCC_WARN_ABOUT_RETURN_TYPE = YES_ERROR;
				GCC_WARN_UNDECLARED_SELECTOR = YES;
				GCC_WARN_UNINITIALIZED_AUTOS = YES_AGGRESSIVE;
				GCC_WARN_UNUSED_FUNCTION = YES;
				GCC_WARN_UNUSED_VARIABLE = YES;
				IPHONEOS_DEPLOYMENT_TARGET = 26.2;
				LOCALIZATION_PREFERS_STRING_CATALOGS = YES;
				MTL_ENABLE_DEBUG_INFO = NO;
				MTL_FAST_MATH = YES;
				SDKROOT = iphoneos;
				SWIFT_COMPILATION_MODE = wholemodule;
				VALIDATE_PRODUCT = YES;
			};
			name = Release;
		};
		C51BA60A2F28952C00E1193D /* Debug */ = {
			isa = XCBuildConfiguration;
			buildSettings = {
				ASSETCATALOG_COMPILER_APPICON_NAME = AppIcon;
				ASSETCATALOG_COMPILER_GLOBAL_ACCENT_COLOR_NAME = AccentColor;
				CODE_SIGN_STYLE = Automatic;
				CURRENT_PROJECT_VERSION = 1;
				DEVELOPMENT_TEAM = 96VKW3L6ZR;
				ENABLE_PREVIEWS = YES;
				GENERATE_INFOPLIST_FILE = YES;
				INFOPLIST_KEY_UIApplicationSceneManifest_Generation = YES;
				INFOPLIST_KEY_UIApplicationSupportsIndirectInputEvents = YES;
				INFOPLIST_KEY_UILaunchScreen_Generation = YES;
				INFOPLIST_KEY_UISupportedInterfaceOrientations_iPad = "UIInterfaceOrientationPortrait UIInterfaceOrientationPortraitUpsideDown UIInterfaceOrientationLandscapeLeft UIInterfaceOrientationLandscapeRight";
				INFOPLIST_KEY_UISupportedInterfaceOrientations_iPhone = "UIInterfaceOrientationPortrait UIInterfaceOrientationLandscapeLeft UIInterfaceOrientationLandscapeRight";
				LD_RUNPATH_SEARCH_PATHS = (
					"$(inherited)",
					"@executable_path/Frameworks",
				);
				MARKETING_VERSION = 1.0;
				PRODUCT_BUNDLE_IDENTIFIER = com.nabilalviro.KeuanganKu;
				PRODUCT_NAME = "$(TARGET_NAME)";
				STRING_CATALOG_GENERATE_SYMBOLS = YES;
				SWIFT_APPROACHABLE_CONCURRENCY = YES;
				SWIFT_DEFAULT_ACTOR_ISOLATION = MainActor;
				SWIFT_EMIT_LOC_STRINGS = YES;
				SWIFT_UPCOMING_FEATURE_MEMBER_IMPORT_VISIBILITY = YES;
				SWIFT_VERSION = 5.0;
				TARGETED_DEVICE_FAMILY = "1,2";
			};
			name = Debug;
		};
		C51BA60B2F28952C00E1193D /* Release */ = {
			isa = XCBuildConfiguration;
			buildSettings = {
				ASSETCATALOG_COMPILER_APPICON_NAME = AppIcon;
				ASSETCATALOG_COMPILER_GLOBAL_ACCENT_COLOR_NAME = AccentColor;
				CODE_SIGN_STYLE = Automatic;
				CURRENT_PROJECT_VERSION = 1;
				DEVELOPMENT_TEAM = 96VKW3L6ZR;
				ENABLE_PREVIEWS = YES;
				GENERATE_INFOPLIST_FILE = YES;
				INFOPLIST_KEY_UIApplicationSceneManifest_Generation = YES;
				INFOPLIST_KEY_UIApplicationSupportsIndirectInputEvents = YES;
				INFOPLIST_KEY_UILaunchScreen_Generation = YES;
				INFOPLIST_KEY_UISupportedInterfaceOrientations_iPad = "UIInterfaceOrientationPortrait UIInterfaceOrientationPortraitUpsideDown UIInterfaceOrientationLandscapeLeft UIInterfaceOrientationLandscapeRight";
				INFOPLIST_KEY_UISupportedInterfaceOrientations_iPhone = "UIInterfaceOrientationPortrait UIInterfaceOrientationLandscapeLeft UIInterfaceOrientationLandscapeRight";
				LD_RUNPATH_SEARCH_PATHS = (
					"$(inherited)",
					"@executable_path/Frameworks",
				);
				MARKETING_VERSION = 1.0;
				PRODUCT_BUNDLE_IDENTIFIER = com.nabilalviro.KeuanganKu;
				PRODUCT_NAME = "$(TARGET_NAME)";
				STRING_CATALOG_GENERATE_SYMBOLS = YES;
				SWIFT_APPROACHABLE_CONCURRENCY = YES;
				SWIFT_DEFAULT_ACTOR_ISOLATION = MainActor;
				SWIFT_EMIT_LOC_STRINGS = YES;
				SWIFT_UPCOMING_FEATURE_MEMBER_IMPORT_VISIBILITY = YES;
				SWIFT_VERSION = 5.0;
				TARGETED_DEVICE_FAMILY = "1,2";
			};
			name = Release;
		};
/* End XCBuildConfiguration section */

/* Begin XCConfigurationList section */
		C51BA5F92F28952B00E1193D /* Build configuration list for PBXProject "KeuanganKu" */ = {
			isa = XCConfigurationList;
			buildConfigurations = (
				C51BA6072F28952C00E1193D /* Debug */,
				C51BA6082F28952C00E1193D /* Release */,
			);
			defaultConfigurationIsVisible = 0;
			defaultConfigurationName = Release;
		};
		C51BA6092F28952C00E1193D /* Build configuration list for PBXNativeTarget "KeuanganKu" */ = {
			isa = XCConfigurationList;
			buildConfigurations = (
				C51BA60A2F28952C00E1193D /* Debug */,
				C51BA60B2F28952C00E1193D /* Release */,
			);
			defaultConfigurationIsVisible = 0;
			defaultConfigurationName = Release;
		};
/* End XCConfigurationList section */

/* Begin XCRemoteSwiftPackageReference section */
		C59DF74E2F3084B900A529D2 /* XCRemoteSwiftPackageReference "supabase-swift" */ = {
			isa = XCRemoteSwiftPackageReference;
			repositoryURL = "https://github.com/supabase/supabase-swift";
			requirement = {
				kind = upToNextMajorVersion;
				minimumVersion = 2.5.1;
			};
		};
		C5CD945C2F3075BF0024F3DD /* XCRemoteSwiftPackageReference "Pulse" */ = {
			isa = XCRemoteSwiftPackageReference;
			repositoryURL = "https://github.com/kean/Pulse";
			requirement = {
				kind = upToNextMajorVersion;
				minimumVersion = 5.1.4;
			};
		};
/* End XCRemoteSwiftPackageReference section */

/* Begin XCSwiftPackageProductDependency section */
		C5796A862F30865F0080D193 /* Auth */ = {
			isa = XCSwiftPackageProductDependency;
			package = C59DF74E2F3084B900A529D2 /* XCRemoteSwiftPackageReference "supabase-swift" */;
			productName = Auth;
		};
		C5796A882F30865F0080D193 /* Functions */ = {
			isa = XCSwiftPackageProductDependency;
			package = C59DF74E2F3084B900A529D2 /* XCRemoteSwiftPackageReference "supabase-swift" */;
			productName = Functions;
		};
		C5796A8A2F30865F0080D193 /* PostgREST */ = {
			isa = XCSwiftPackageProductDependency;
			package = C59DF74E2F3084B900A529D2 /* XCRemoteSwiftPackageReference "supabase-swift" */;
			productName = PostgREST;
		};
		C5796A8C2F30865F0080D193 /* Realtime */ = {
			isa = XCSwiftPackageProductDependency;
			package = C59DF74E2F3084B900A529D2 /* XCRemoteSwiftPackageReference "supabase-swift" */;
			productName = Realtime;
		};
		C5796A8E2F30865F0080D193 /* Storage */ = {
			isa = XCSwiftPackageProductDependency;
			package = C59DF74E2F3084B900A529D2 /* XCRemoteSwiftPackageReference "supabase-swift" */;
			productName = Storage;
		};
		C5796A902F30865F0080D193 /* Supabase */ = {
			isa = XCSwiftPackageProductDependency;
			package = C59DF74E2F3084B900A529D2 /* XCRemoteSwiftPackageReference "supabase-swift" */;
			productName = Supabase;
		};
		C5CD945D2F3075BF0024F3DD /* Pulse */ = {
			isa = XCSwiftPackageProductDependency;
			package = C5CD945C2F3075BF0024F3DD /* XCRemoteSwiftPackageReference "Pulse" */;
			productName = Pulse;
		};
		C5CD945F2F3075BF0024F3DD /* PulseProxy */ = {
			isa = XCSwiftPackageProductDependency;
			package = C5CD945C2F3075BF0024F3DD /* XCRemoteSwiftPackageReference "Pulse" */;
			productName = PulseProxy;
		};
		C5CD94612F3075BF0024F3DD /* PulseUI */ = {
			isa = XCSwiftPackageProductDependency;
			package = C5CD945C2F3075BF0024F3DD /* XCRemoteSwiftPackageReference "Pulse" */;
			productName = PulseUI;
		};
/* End XCSwiftPackageProductDependency section */
	};
	rootObject = C51BA5F62F28952B00E1193D /* Project object */;
}
